
Microsoft Visual Studio Solution File, Format Version 12.00
# Visual Studio 15
VisualStudioVersion = 15.0.28010.2046
MinimumVisualStudioVersion = 10.0.40219.1
Project("{FAE04EC0-301F-11D3-BF4B-00C04F79EFBC}") = "Airbnb interview find numbers add to k", "Airbnb interview find numbers add to k\Airbnb interview find numbers add to k.csproj", "{BF01D740-351E-4D3B-8DC4-BBB5E33AD41D}"
EndProject
Global
	GlobalSection(SolutionConfigurationPlatforms) = preSolution
		Debug|Any CPU = Debug|Any CPU
		Release|Any CPU = Release|Any CPU
	EndGlobalSection
	GlobalSection(ProjectConfigurationPlatforms) = postSolution
		{BF01D740-351E-4D3B-8DC4-BBB5E33AD41D}.Debug|Any CPU.ActiveCfg = Debug|Any CPU
		{BF01D740-351E-4D3B-8DC4-BBB5E33AD41D}.Debug|Any CPU.Build.0 = Debug|Any CPU
		{BF01D740-351E-4D3B-8DC4-BBB5E33AD41D}.Release|Any CPU.ActiveCfg = Release|Any CPU
		{BF01D740-351E-4D3B-8DC4-BBB5E33AD41D}.Release|Any CPU.Build.0 = Release|Any CPU
	EndGlobalSection
	GlobalSection(SolutionProperties) = preSolution
		HideSolutionNode = FALSE
	EndGlobalSection
	GlobalSection(ExtensibilityGlobals) = postSolution
		SolutionGuid = {94B3FA74-DC4C-43BF-9937-C5108A5DD99C}
	EndGlobalSection
EndGlobal
